Microsoft Visual Studio Solution File, Format Version 11.00
# Visual Studio 2008

Project("{1FDCAADB-278A-0413-E340-BFD5DE36D0BD}") = "UnityAssimp", "Assembly-CSharp.csproj", "{D52D985A-EF14-E3C5-3D07-39A927FB448D}"
EndProject
Project("{1FDCAADB-278A-0413-E340-BFD5DE36D0BD}") = "UnityAssimp", "Assembly-CSharp-Editor.csproj", "{EBFB22A5-410B-8B39-E4FB-7A362F74F35C}"
EndProject
Global
	GlobalSection(SolutionConfigurationPlatforms) = preSolution
		Debug|Any CPU = Debug|Any CPU
		Release|Any CPU = Release|Any CPU
	EndGlobalSection
	GlobalSection(ProjectConfigurationPlatforms) = postSolution
		{D52D985A-EF14-E3C5-3D07-39A927FB448D}.Debug|Any CPU.ActiveCfg = Debug|Any CPU
		{D52D985A-EF14-E3C5-3D07-39A927FB448D}.Debug|Any CPU.Build.0 = Debug|Any CPU
		{D52D985A-EF14-E3C5-3D07-39A927FB448D}.Release|Any CPU.ActiveCfg = Release|Any CPU
		{D52D985A-EF14-E3C5-3D07-39A927FB448D}.Release|Any CPU.Build.0 = Release|Any CPU
		{EBFB22A5-410B-8B39-E4FB-7A362F74F35C}.Debug|Any CPU.ActiveCfg = Debug|Any CPU
		{EBFB22A5-410B-8B39-E4FB-7A362F74F35C}.Debug|Any CPU.Build.0 = Debug|Any CPU
		{EBFB22A5-410B-8B39-E4FB-7A362F74F35C}.Release|Any CPU.ActiveCfg = Release|Any CPU
		{EBFB22A5-410B-8B39-E4FB-7A362F74F35C}.Release|Any CPU.Build.0 = Release|Any CPU
	EndGlobalSection
	GlobalSection(SolutionProperties) = preSolution
		HideSolutionNode = FALSE
	EndGlobalSection
						GlobalSection(MonoDevelopProperties) = preSolution
		StartupItem = Assembly-CSharp.csproj
		Policies = $0
		$0.TextStylePolicy = $1
		$1.inheritsSet = null
		$1.scope = text/x-csharp
		$0.CSharpFormattingPolicy = $2
		$2.inheritsSet = Mono
		$2.inheritsScope = text/x-csharp
		$2.scope = text/x-csharp
		$0.TextStylePolicy = $3
		$3.FileWidth = 120
		$3.TabWidth = 4
		$3.EolMarker = Unix
		$3.inheritsSet = Mono
		$3.inheritsScope = text/plain
		$3.scope = text/plain
	EndGlobalSection

EndGlobal
